
Microsoft Visual Studio Solution File, Format Version 12.00
# Visual Studio Version 17
VisualStudioVersion = 17.5.002.0
MinimumVisualStudioVersion = 10.0.40219.1
Project("{2150E333-8FDC-42A3-9474-1A3956D46DE8}") = "CSharp", "CSharp", "{3F68D64D-ED88-4970-8D14-F424ED45491C}"
EndProject
Project("{9A19103F-16F7-4668-BE54-9A1E7A4F7556}") = "ChatCayXayNha", "CSharp\ChatCayXayNha\ChatCayXayNha.csproj", "{E0E29685-01D0-47AD-9882-03F348508ABF}"
EndProject
Project("{9A19103F-16F7-4668-BE54-9A1E7A4F7556}") = "PrefixPrefix", "CSharp\PrefixPrefix\PrefixPrefix.csproj", "{F99899CE-7027-436C-AA02-B22685D31BA0}"
EndProject
Project("{9A19103F-16F7-4668-BE54-9A1E7A4F7556}") = "SumOfFourValues", "CSharp\SumOfFourValues\SumOfFourValues.csproj", "{F2C8473B-1035-467B-BE87-EDEA75AB8259}"
EndProject
Global
	GlobalSection(SolutionConfigurationPlatforms) = preSolution
		Debug|Any CPU = Debug|Any CPU
		Release|Any CPU = Release|Any CPU
	EndGlobalSection
	GlobalSection(ProjectConfigurationPlatforms) = postSolution
		{E0E29685-01D0-47AD-9882-03F348508ABF}.Debug|Any CPU.ActiveCfg = Debug|Any CPU
		{E0E29685-01D0-47AD-9882-03F348508ABF}.Debug|Any CPU.Build.0 = Debug|Any CPU
		{E0E29685-01D0-47AD-9882-03F348508ABF}.Release|Any CPU.ActiveCfg = Release|Any CPU
		{E0E29685-01D0-47AD-9882-03F348508ABF}.Release|Any CPU.Build.0 = Release|Any CPU
		{F99899CE-7027-436C-AA02-B22685D31BA0}.Debug|Any CPU.ActiveCfg = Debug|Any CPU
		{F99899CE-7027-436C-AA02-B22685D31BA0}.Debug|Any CPU.Build.0 = Debug|Any CPU
		{F99899CE-7027-436C-AA02-B22685D31BA0}.Release|Any CPU.ActiveCfg = Release|Any CPU
		{F99899CE-7027-436C-AA02-B22685D31BA0}.Release|Any CPU.Build.0 = Release|Any CPU
		{F2C8473B-1035-467B-BE87-EDEA75AB8259}.Debug|Any CPU.ActiveCfg = Debug|Any CPU
		{F2C8473B-1035-467B-BE87-EDEA75AB8259}.Debug|Any CPU.Build.0 = Debug|Any CPU
		{F2C8473B-1035-467B-BE87-EDEA75AB8259}.Release|Any CPU.ActiveCfg = Release|Any CPU
		{F2C8473B-1035-467B-BE87-EDEA75AB8259}.Release|Any CPU.Build.0 = Release|Any CPU
	EndGlobalSection
	GlobalSection(SolutionProperties) = preSolution
		HideSolutionNode = FALSE
	EndGlobalSection
	GlobalSection(NestedProjects) = preSolution
		{E0E29685-01D0-47AD-9882-03F348508ABF} = {3F68D64D-ED88-4970-8D14-F424ED45491C}
		{F99899CE-7027-436C-AA02-B22685D31BA0} = {3F68D64D-ED88-4970-8D14-F424ED45491C}
		{F2C8473B-1035-467B-BE87-EDEA75AB8259} = {3F68D64D-ED88-4970-8D14-F424ED45491C}
	EndGlobalSection
	GlobalSection(ExtensibilityGlobals) = postSolution
		SolutionGuid = {00C3AF12-050B-4A7D-8E72-E525549035C4}
	EndGlobalSection
EndGlobal
